
Microsoft Visual Studio Solution File, Format Version 12.00
# Visual Studio 15
VisualStudioVersion = 15.0.28307.102
MinimumVisualStudioVersion = 10.0.40219.1
Project("{8BC9CEB8-8B4A-11D0-8D11-00A0C91BC942}") = "opencvtest", "opencvtest\opencvtest.vcxproj", "{5189F84D-40F2-4488-87E6-43F08988DF87}"
EndProject
Project("{8BC9CEB8-8B4A-11D0-8D11-00A0C91BC942}") = "openImage", "openImage\openImage.vcxproj", "{0AF696A8-3C61-4961-B00F-D1B847DE6FAF}"
EndProject
Project("{8BC9CEB8-8B4A-11D0-8D11-00A0C91BC942}") = "saturability(baohedu)", "saturability(baohedu)\saturability(baohedu).vcxproj", "{A3308207-B00A-4A9A-B42B-F3F7CE311AAA}"
EndProject
Project("{8BC9CEB8-8B4A-11D0-8D11-00A0C91BC942}") = "pointandscale", "pointandscale\pointandscale.vcxproj", "{F76AA6CE-75D3-431A-9BB2-1A14F2CAE183}"
EndProject
Project("{8BC9CEB8-8B4A-11D0-8D11-00A0C91BC942}") = "Blur", "Blur\Blur.vcxproj", "{521F2DF5-6C3D-4B07-A3EA-F542722F336C}"
EndProject
Project("{8BC9CEB8-8B4A-11D0-8D11-00A0C91BC942}") = "erodeAnddilate", "PengZhangFuShi\PengZhangFuShi.vcxproj", "{FEAC89B6-D3DA-49E2-8047-CB6F0B3886C6}"
EndProject
Project("{8BC9CEB8-8B4A-11D0-8D11-00A0C91BC942}") = "Morphology", "Morphology\Morphology.vcxproj", "{16388A96-42C0-4B25-8940-E97529320E2F}"
EndProject
Project("{8BC9CEB8-8B4A-11D0-8D11-00A0C91BC942}") = "getLine", "getLine\getLine.vcxproj", "{756AFA02-FAF9-4AC9-919C-BB90C5253263}"
EndProject
Project("{8BC9CEB8-8B4A-11D0-8D11-00A0C91BC942}") = "ShangXiaCaiYang", "ShangXiaCaiYang\ShangXiaCaiYang.vcxproj", "{0D95A3BF-ED33-47E4-B22F-305EB521BDDD}"
EndProject
Project("{8BC9CEB8-8B4A-11D0-8D11-00A0C91BC942}") = "threshold", "threshold\threshold.vcxproj", "{9DD8E0FA-2D8C-4AF9-9135-2AC8C2E7B0FA}"
EndProject
Project("{8BC9CEB8-8B4A-11D0-8D11-00A0C91BC942}") = "convolution", "convolution\convolution.vcxproj", "{8EB44B79-07F3-42EE-98BA-034501CFCE76}"
EndProject
Project("{8BC9CEB8-8B4A-11D0-8D11-00A0C91BC942}") = "borderDeal", "borderDeal\borderDeal.vcxproj", "{FC8DF073-A969-4F40-83F4-2363E0881365}"
EndProject
Project("{8BC9CEB8-8B4A-11D0-8D11-00A0C91BC942}") = "Sobel", "Sobel\Sobel.vcxproj", "{87941190-54BF-49E1-8BEC-821B0DEBFEE5}"
EndProject
Project("{8BC9CEB8-8B4A-11D0-8D11-00A0C91BC942}") = "Laplans", "Laplans\Laplans.vcxproj", "{868701E9-2BAD-471E-8376-C504976C93B3}"
EndProject
Project("{8BC9CEB8-8B4A-11D0-8D11-00A0C91BC942}") = "testCamera", "testCamera\testCamera.vcxproj", "{A05A380C-0B82-40A6-B329-8117705CC92F}"
EndProject
Project("{8BC9CEB8-8B4A-11D0-8D11-00A0C91BC942}") = "Canny", "Canny\Canny.vcxproj", "{D9E17A3B-9F60-482B-B379-71495D4AB229}"
EndProject
Project("{8BC9CEB8-8B4A-11D0-8D11-00A0C91BC942}") = "hough", "hough\hough.vcxproj", "{B067BAF0-2EA4-4B41-9696-03C61872EEBE}"
EndProject
Project("{8BC9CEB8-8B4A-11D0-8D11-00A0C91BC942}") = "houghcircle", "houghcircle\houghcircle.vcxproj", "{B897C814-692B-494A-8453-6A2E78ED95EC}"
EndProject
Project("{8BC9CEB8-8B4A-11D0-8D11-00A0C91BC942}") = "remap", "remap\remap.vcxproj", "{54763D38-4BEB-4576-8C4C-4E9A3BDD44EA}"
EndProject
Project("{8BC9CEB8-8B4A-11D0-8D11-00A0C91BC942}") = "Histocalc", "Histocalc\Histocalc.vcxproj", "{8A044B9D-9A9A-4B35-AD59-6C833D997744}"
EndProject
Project("{8BC9CEB8-8B4A-11D0-8D11-00A0C91BC942}") = "histCompare", "histCompare\histCompare.vcxproj", "{8A111908-1DA4-4C45-B8CD-2813128DD031}"
EndProject
Project("{8BC9CEB8-8B4A-11D0-8D11-00A0C91BC942}") = "histBackrend", "histBackrend\histBackrend.vcxproj", "{7B60B891-F405-40C4-9FAF-8B50163F74DC}"
EndProject
Project("{8BC9CEB8-8B4A-11D0-8D11-00A0C91BC942}") = "templateMatch", "templateMatch\templateMatch.vcxproj", "{C470C08A-3BD0-4222-B15F-ACBA93310AF0}"
EndProject
Project("{8BC9CEB8-8B4A-11D0-8D11-00A0C91BC942}") = "contoursFind", "contoursFind\contoursFind.vcxproj", "{7403AB36-505B-44B7-A0A4-D05AC0E9F9AC}"
EndProject
Project("{8BC9CEB8-8B4A-11D0-8D11-00A0C91BC942}") = "convex", "convex\convex.vcxproj", "{4F591822-5516-47D5-8176-079695BED096}"
EndProject
Project("{8BC9CEB8-8B4A-11D0-8D11-00A0C91BC942}") = "contoursRect", "contoursRect\contoursRect.vcxproj", "{5AD11023-1698-471C-893C-B23B851DB282}"
EndProject
Project("{8BC9CEB8-8B4A-11D0-8D11-00A0C91BC942}") = "Pointpolygon", "Pointpolygon\Pointpolygon.vcxproj", "{4A9149AE-9723-48AF-8FC7-DDB268437D24}"
EndProject
Global
	GlobalSection(SolutionConfigurationPlatforms) = preSolution
		Debug|x64 = Debug|x64
		Debug|x86 = Debug|x86
		Release|x64 = Release|x64
		Release|x86 = Release|x86
	EndGlobalSection
	GlobalSection(ProjectConfigurationPlatforms) = postSolution
		{5189F84D-40F2-4488-87E6-43F08988DF87}.Debug|x64.ActiveCfg = Debug|x64
		{5189F84D-40F2-4488-87E6-43F08988DF87}.Debug|x64.Build.0 = Debug|x64
		{5189F84D-40F2-4488-87E6-43F08988DF87}.Debug|x86.ActiveCfg = Debug|Win32
		{5189F84D-40F2-4488-87E6-43F08988DF87}.Debug|x86.Build.0 = Debug|Win32
		{5189F84D-40F2-4488-87E6-43F08988DF87}.Release|x64.ActiveCfg = Release|x64
		{5189F84D-40F2-4488-87E6-43F08988DF87}.Release|x64.Build.0 = Release|x64
		{5189F84D-40F2-4488-87E6-43F08988DF87}.Release|x86.ActiveCfg = Release|Win32
		{5189F84D-40F2-4488-87E6-43F08988DF87}.Release|x86.Build.0 = Release|Win32
		{0AF696A8-3C61-4961-B00F-D1B847DE6FAF}.Debug|x64.ActiveCfg = Debug|x64
		{0AF696A8-3C61-4961-B00F-D1B847DE6FAF}.Debug|x64.Build.0 = Debug|x64
		{0AF696A8-3C61-4961-B00F-D1B847DE6FAF}.Debug|x86.ActiveCfg = Debug|Win32
		{0AF696A8-3C61-4961-B00F-D1B847DE6FAF}.Debug|x86.Build.0 = Debug|Win32
		{0AF696A8-3C61-4961-B00F-D1B847DE6FAF}.Release|x64.ActiveCfg = Release|x64
		{0AF696A8-3C61-4961-B00F-D1B847DE6FAF}.Release|x64.Build.0 = Release|x64
		{0AF696A8-3C61-4961-B00F-D1B847DE6FAF}.Release|x86.ActiveCfg = Release|Win32
		{0AF696A8-3C61-4961-B00F-D1B847DE6FAF}.Release|x86.Build.0 = Release|Win32
		{A3308207-B00A-4A9A-B42B-F3F7CE311AAA}.Debug|x64.ActiveCfg = Debug|x64
		{A3308207-B00A-4A9A-B42B-F3F7CE311AAA}.Debug|x64.Build.0 = Debug|x64
		{A3308207-B00A-4A9A-B42B-F3F7CE311AAA}.Debug|x86.ActiveCfg = Debug|Win32
		{A3308207-B00A-4A9A-B42B-F3F7CE311AAA}.Debug|x86.Build.0 = Debug|Win32
		{A3308207-B00A-4A9A-B42B-F3F7CE311AAA}.Release|x64.ActiveCfg = Release|x64
		{A3308207-B00A-4A9A-B42B-F3F7CE311AAA}.Release|x64.Build.0 = Release|x64
		{A3308207-B00A-4A9A-B42B-F3F7CE311AAA}.Release|x86.ActiveCfg = Release|Win32
		{A3308207-B00A-4A9A-B42B-F3F7CE311AAA}.Release|x86.Build.0 = Release|Win32
		{F76AA6CE-75D3-431A-9BB2-1A14F2CAE183}.Debug|x64.ActiveCfg = Debug|x64
		{F76AA6CE-75D3-431A-9BB2-1A14F2CAE183}.Debug|x64.Build.0 = Debug|x64
		{F76AA6CE-75D3-431A-9BB2-1A14F2CAE183}.Debug|x86.ActiveCfg = Debug|Win32
		{F76AA6CE-75D3-431A-9BB2-1A14F2CAE183}.Debug|x86.Build.0 = Debug|Win32
		{F76AA6CE-75D3-431A-9BB2-1A14F2CAE183}.Release|x64.ActiveCfg = Release|x64
		{F76AA6CE-75D3-431A-9BB2-1A14F2CAE183}.Release|x64.Build.0 = Release|x64
		{F76AA6CE-75D3-431A-9BB2-1A14F2CAE183}.Release|x86.ActiveCfg = Release|Win32
		{F76AA6CE-75D3-431A-9BB2-1A14F2CAE183}.Release|x86.Build.0 = Release|Win32
		{521F2DF5-6C3D-4B07-A3EA-F542722F336C}.Debug|x64.ActiveCfg = Debug|x64
		{521F2DF5-6C3D-4B07-A3EA-F542722F336C}.Debug|x64.Build.0 = Debug|x64
		{521F2DF5-6C3D-4B07-A3EA-F542722F336C}.Debug|x86.ActiveCfg = Debug|Win32
		{521F2DF5-6C3D-4B07-A3EA-F542722F336C}.Debug|x86.Build.0 = Debug|Win32
		{521F2DF5-6C3D-4B07-A3EA-F542722F336C}.Release|x64.ActiveCfg = Release|x64
		{521F2DF5-6C3D-4B07-A3EA-F542722F336C}.Release|x64.Build.0 = Release|x64
		{521F2DF5-6C3D-4B07-A3EA-F542722F336C}.Release|x86.ActiveCfg = Release|Win32
		{521F2DF5-6C3D-4B07-A3EA-F542722F336C}.Release|x86.Build.0 = Release|Win32
		{FEAC89B6-D3DA-49E2-8047-CB6F0B3886C6}.Debug|x64.ActiveCfg = Debug|x64
		{FEAC89B6-D3DA-49E2-8047-CB6F0B3886C6}.Debug|x64.Build.0 = Debug|x64
		{FEAC89B6-D3DA-49E2-8047-CB6F0B3886C6}.Debug|x86.ActiveCfg = Debug|Win32
		{FEAC89B6-D3DA-49E2-8047-CB6F0B3886C6}.Debug|x86.Build.0 = Debug|Win32
		{FEAC89B6-D3DA-49E2-8047-CB6F0B3886C6}.Release|x64.ActiveCfg = Release|x64
		{FEAC89B6-D3DA-49E2-8047-CB6F0B3886C6}.Release|x64.Build.0 = Release|x64
		{FEAC89B6-D3DA-49E2-8047-CB6F0B3886C6}.Release|x86.ActiveCfg = Release|Win32
		{FEAC89B6-D3DA-49E2-8047-CB6F0B3886C6}.Release|x86.Build.0 = Release|Win32
		{16388A96-42C0-4B25-8940-E97529320E2F}.Debug|x64.ActiveCfg = Debug|x64
		{16388A96-42C0-4B25-8940-E97529320E2F}.Debug|x64.Build.0 = Debug|x64
		{16388A96-42C0-4B25-8940-E97529320E2F}.Debug|x86.ActiveCfg = Debug|Win32
		{16388A96-42C0-4B25-8940-E97529320E2F}.Debug|x86.Build.0 = Debug|Win32
		{16388A96-42C0-4B25-8940-E97529320E2F}.Release|x64.ActiveCfg = Release|x64
		{16388A96-42C0-4B25-8940-E97529320E2F}.Release|x64.Build.0 = Release|x64
		{16388A96-42C0-4B25-8940-E97529320E2F}.Release|x86.ActiveCfg = Release|Win32
		{16388A96-42C0-4B25-8940-E97529320E2F}.Release|x86.Build.0 = Release|Win32
		{756AFA02-FAF9-4AC9-919C-BB90C5253263}.Debug|x64.ActiveCfg = Debug|x64
		{756AFA02-FAF9-4AC9-919C-BB90C5253263}.Debug|x64.Build.0 = Debug|x64
		{756AFA02-FAF9-4AC9-919C-BB90C5253263}.Debug|x86.ActiveCfg = Debug|Win32
		{756AFA02-FAF9-4AC9-919C-BB90C5253263}.Debug|x86.Build.0 = Debug|Win32
		{756AFA02-FAF9-4AC9-919C-BB90C5253263}.Release|x64.ActiveCfg = Release|x64
		{756AFA02-FAF9-4AC9-919C-BB90C5253263}.Release|x64.Build.0 = Release|x64
		{756AFA02-FAF9-4AC9-919C-BB90C5253263}.Release|x86.ActiveCfg = Release|Win32
		{756AFA02-FAF9-4AC9-919C-BB90C5253263}.Release|x86.Build.0 = Release|Win32
		{0D95A3BF-ED33-47E4-B22F-305EB521BDDD}.Debug|x64.ActiveCfg = Debug|x64
		{0D95A3BF-ED33-47E4-B22F-305EB521BDDD}.Debug|x64.Build.0 = Debug|x64
		{0D95A3BF-ED33-47E4-B22F-305EB521BDDD}.Debug|x86.ActiveCfg = Debug|Win32
		{0D95A3BF-ED33-47E4-B22F-305EB521BDDD}.Debug|x86.Build.0 = Debug|Win32
		{0D95A3BF-ED33-47E4-B22F-305EB521BDDD}.Release|x64.ActiveCfg = Release|x64
		{0D95A3BF-ED33-47E4-B22F-305EB521BDDD}.Release|x64.Build.0 = Release|x64
		{0D95A3BF-ED33-47E4-B22F-305EB521BDDD}.Release|x86.ActiveCfg = Release|Win32
		{0D95A3BF-ED33-47E4-B22F-305EB521BDDD}.Release|x86.Build.0 = Release|Win32
		{9DD8E0FA-2D8C-4AF9-9135-2AC8C2E7B0FA}.Debug|x64.ActiveCfg = Debug|x64
		{9DD8E0FA-2D8C-4AF9-9135-2AC8C2E7B0FA}.Debug|x64.Build.0 = Debug|x64
		{9DD8E0FA-2D8C-4AF9-9135-2AC8C2E7B0FA}.Debug|x86.ActiveCfg = Debug|Win32
		{9DD8E0FA-2D8C-4AF9-9135-2AC8C2E7B0FA}.Debug|x86.Build.0 = Debug|Win32
		{9DD8E0FA-2D8C-4AF9-9135-2AC8C2E7B0FA}.Release|x64.ActiveCfg = Release|x64
		{9DD8E0FA-2D8C-4AF9-9135-2AC8C2E7B0FA}.Release|x64.Build.0 = Release|x64
		{9DD8E0FA-2D8C-4AF9-9135-2AC8C2E7B0FA}.Release|x86.ActiveCfg = Release|Win32
		{9DD8E0FA-2D8C-4AF9-9135-2AC8C2E7B0FA}.Release|x86.Build.0 = Release|Win32
		{8EB44B79-07F3-42EE-98BA-034501CFCE76}.Debug|x64.ActiveCfg = Debug|x64
		{8EB44B79-07F3-42EE-98BA-034501CFCE76}.Debug|x64.Build.0 = Debug|x64
		{8EB44B79-07F3-42EE-98BA-034501CFCE76}.Debug|x86.ActiveCfg = Debug|Win32
		{8EB44B79-07F3-42EE-98BA-034501CFCE76}.Debug|x86.Build.0 = Debug|Win32
		{8EB44B79-07F3-42EE-98BA-034501CFCE76}.Release|x64.ActiveCfg = Release|x64
		{8EB44B79-07F3-42EE-98BA-034501CFCE76}.Release|x64.Build.0 = Release|x64
		{8EB44B79-07F3-42EE-98BA-034501CFCE76}.Release|x86.ActiveCfg = Release|Win32
		{8EB44B79-07F3-42EE-98BA-034501CFCE76}.Release|x86.Build.0 = Release|Win32
		{FC8DF073-A969-4F40-83F4-2363E0881365}.Debug|x64.ActiveCfg = Debug|x64
		{FC8DF073-A969-4F40-83F4-2363E0881365}.Debug|x64.Build.0 = Debug|x64
		{FC8DF073-A969-4F40-83F4-2363E0881365}.Debug|x86.ActiveCfg = Debug|Win32
		{FC8DF073-A969-4F40-83F4-2363E0881365}.Debug|x86.Build.0 = Debug|Win32
		{FC8DF073-A969-4F40-83F4-2363E0881365}.Release|x64.ActiveCfg = Release|x64
		{FC8DF073-A969-4F40-83F4-2363E0881365}.Release|x64.Build.0 = Release|x64
		{FC8DF073-A969-4F40-83F4-2363E0881365}.Release|x86.ActiveCfg = Release|Win32
		{FC8DF073-A969-4F40-83F4-2363E0881365}.Release|x86.Build.0 = Release|Win32
		{87941190-54BF-49E1-8BEC-821B0DEBFEE5}.Debug|x64.ActiveCfg = Debug|x64
		{87941190-54BF-49E1-8BEC-821B0DEBFEE5}.Debug|x64.Build.0 = Debug|x64
		{87941190-54BF-49E1-8BEC-821B0DEBFEE5}.Debug|x86.ActiveCfg = Debug|Win32
		{87941190-54BF-49E1-8BEC-821B0DEBFEE5}.Debug|x86.Build.0 = Debug|Win32
		{87941190-54BF-49E1-8BEC-821B0DEBFEE5}.Release|x64.ActiveCfg = Release|x64
		{87941190-54BF-49E1-8BEC-821B0DEBFEE5}.Release|x64.Build.0 = Release|x64
		{87941190-54BF-49E1-8BEC-821B0DEBFEE5}.Release|x86.ActiveCfg = Release|Win32
		{87941190-54BF-49E1-8BEC-821B0DEBFEE5}.Release|x86.Build.0 = Release|Win32
		{868701E9-2BAD-471E-8376-C504976C93B3}.Debug|x64.ActiveCfg = Debug|x64
		{868701E9-2BAD-471E-8376-C504976C93B3}.Debug|x64.Build.0 = Debug|x64
		{868701E9-2BAD-471E-8376-C504976C93B3}.Debug|x86.ActiveCfg = Debug|Win32
		{868701E9-2BAD-471E-8376-C504976C93B3}.Debug|x86.Build.0 = Debug|Win32
		{868701E9-2BAD-471E-8376-C504976C93B3}.Release|x64.ActiveCfg = Release|x64
		{868701E9-2BAD-471E-8376-C504976C93B3}.Release|x64.Build.0 = Release|x64
		{868701E9-2BAD-471E-8376-C504976C93B3}.Release|x86.ActiveCfg = Release|Win32
		{868701E9-2BAD-471E-8376-C504976C93B3}.Release|x86.Build.0 = Release|Win32
		{A05A380C-0B82-40A6-B329-8117705CC92F}.Debug|x64.ActiveCfg = Debug|x64
		{A05A380C-0B82-40A6-B329-8117705CC92F}.Debug|x64.Build.0 = Debug|x64
		{A05A380C-0B82-40A6-B329-8117705CC92F}.Debug|x86.ActiveCfg = Debug|Win32
		{A05A380C-0B82-40A6-B329-8117705CC92F}.Debug|x86.Build.0 = Debug|Win32
		{A05A380C-0B82-40A6-B329-8117705CC92F}.Release|x64.ActiveCfg = Release|x64
		{A05A380C-0B82-40A6-B329-8117705CC92F}.Release|x64.Build.0 = Release|x64
		{A05A380C-0B82-40A6-B329-8117705CC92F}.Release|x86.ActiveCfg = Release|Win32
		{A05A380C-0B82-40A6-B329-8117705CC92F}.Release|x86.Build.0 = Release|Win32
		{D9E17A3B-9F60-482B-B379-71495D4AB229}.Debug|x64.ActiveCfg = Debug|x64
		{D9E17A3B-9F60-482B-B379-71495D4AB229}.Debug|x64.Build.0 = Debug|x64
		{D9E17A3B-9F60-482B-B379-71495D4AB229}.Debug|x86.ActiveCfg = Debug|Win32
		{D9E17A3B-9F60-482B-B379-71495D4AB229}.Debug|x86.Build.0 = Debug|Win32
		{D9E17A3B-9F60-482B-B379-71495D4AB229}.Release|x64.ActiveCfg = Release|x64
		{D9E17A3B-9F60-482B-B379-71495D4AB229}.Release|x64.Build.0 = Release|x64
		{D9E17A3B-9F60-482B-B379-71495D4AB229}.Release|x86.ActiveCfg = Release|Win32
		{D9E17A3B-9F60-482B-B379-71495D4AB229}.Release|x86.Build.0 = Release|Win32
		{B067BAF0-2EA4-4B41-9696-03C61872EEBE}.Debug|x64.ActiveCfg = Debug|x64
		{B067BAF0-2EA4-4B41-9696-03C61872EEBE}.Debug|x64.Build.0 = Debug|x64
		{B067BAF0-2EA4-4B41-9696-03C61872EEBE}.Debug|x86.ActiveCfg = Debug|Win32
		{B067BAF0-2EA4-4B41-9696-03C61872EEBE}.Debug|x86.Build.0 = Debug|Win32
		{B067BAF0-2EA4-4B41-9696-03C61872EEBE}.Release|x64.ActiveCfg = Release|x64
		{B067BAF0-2EA4-4B41-9696-03C61872EEBE}.Release|x64.Build.0 = Release|x64
		{B067BAF0-2EA4-4B41-9696-03C61872EEBE}.Release|x86.ActiveCfg = Release|Win32
		{B067BAF0-2EA4-4B41-9696-03C61872EEBE}.Release|x86.Build.0 = Release|Win32
		{B897C814-692B-494A-8453-6A2E78ED95EC}.Debug|x64.ActiveCfg = Debug|x64
		{B897C814-692B-494A-8453-6A2E78ED95EC}.Debug|x64.Build.0 = Debug|x64
		{B897C814-692B-494A-8453-6A2E78ED95EC}.Debug|x86.ActiveCfg = Debug|Win32
		{B897C814-692B-494A-8453-6A2E78ED95EC}.Debug|x86.Build.0 = Debug|Win32
		{B897C814-692B-494A-8453-6A2E78ED95EC}.Release|x64.ActiveCfg = Release|x64
		{B897C814-692B-494A-8453-6A2E78ED95EC}.Release|x64.Build.0 = Release|x64
		{B897C814-692B-494A-8453-6A2E78ED95EC}.Release|x86.ActiveCfg = Release|Win32
		{B897C814-692B-494A-8453-6A2E78ED95EC}.Release|x86.Build.0 = Release|Win32
		{54763D38-4BEB-4576-8C4C-4E9A3BDD44EA}.Debug|x64.ActiveCfg = Debug|x64
		{54763D38-4BEB-4576-8C4C-4E9A3BDD44EA}.Debug|x64.Build.0 = Debug|x64
		{54763D38-4BEB-4576-8C4C-4E9A3BDD44EA}.Debug|x86.ActiveCfg = Debug|Win32
		{54763D38-4BEB-4576-8C4C-4E9A3BDD44EA}.Debug|x86.Build.0 = Debug|Win32
		{54763D38-4BEB-4576-8C4C-4E9A3BDD44EA}.Release|x64.ActiveCfg = Release|x64
		{54763D38-4BEB-4576-8C4C-4E9A3BDD44EA}.Release|x64.Build.0 = Release|x64
		{54763D38-4BEB-4576-8C4C-4E9A3BDD44EA}.Release|x86.ActiveCfg = Release|Win32
		{54763D38-4BEB-4576-8C4C-4E9A3BDD44EA}.Release|x86.Build.0 = Release|Win32
		{8A044B9D-9A9A-4B35-AD59-6C833D997744}.Debug|x64.ActiveCfg = Debug|x64
		{8A044B9D-9A9A-4B35-AD59-6C833D997744}.Debug|x64.Build.0 = Debug|x64
		{8A044B9D-9A9A-4B35-AD59-6C833D997744}.Debug|x86.ActiveCfg = Debug|Win32
		{8A044B9D-9A9A-4B35-AD59-6C833D997744}.Debug|x86.Build.0 = Debug|Win32
		{8A044B9D-9A9A-4B35-AD59-6C833D997744}.Release|x64.ActiveCfg = Release|x64
		{8A044B9D-9A9A-4B35-AD59-6C833D997744}.Release|x64.Build.0 = Release|x64
		{8A044B9D-9A9A-4B35-AD59-6C833D997744}.Release|x86.ActiveCfg = Release|Win32
		{8A044B9D-9A9A-4B35-AD59-6C833D997744}.Release|x86.Build.0 = Release|Win32
		{8A111908-1DA4-4C45-B8CD-2813128DD031}.Debug|x64.ActiveCfg = Debug|x64
		{8A111908-1DA4-4C45-B8CD-2813128DD031}.Debug|x64.Build.0 = Debug|x64
		{8A111908-1DA4-4C45-B8CD-2813128DD031}.Debug|x86.ActiveCfg = Debug|Win32
		{8A111908-1DA4-4C45-B8CD-2813128DD031}.Debug|x86.Build.0 = Debug|Win32
		{8A111908-1DA4-4C45-B8CD-2813128DD031}.Release|x64.ActiveCfg = Release|x64
		{8A111908-1DA4-4C45-B8CD-2813128DD031}.Release|x64.Build.0 = Release|x64
		{8A111908-1DA4-4C45-B8CD-2813128DD031}.Release|x86.ActiveCfg = Release|Win32
		{8A111908-1DA4-4C45-B8CD-2813128DD031}.Release|x86.Build.0 = Release|Win32
		{7B60B891-F405-40C4-9FAF-8B50163F74DC}.Debug|x64.ActiveCfg = Debug|x64
		{7B60B891-F405-40C4-9FAF-8B50163F74DC}.Debug|x64.Build.0 = Debug|x64
		{7B60B891-F405-40C4-9FAF-8B50163F74DC}.Debug|x86.ActiveCfg = Debug|Win32
		{7B60B891-F405-40C4-9FAF-8B50163F74DC}.Debug|x86.Build.0 = Debug|Win32
		{7B60B891-F405-40C4-9FAF-8B50163F74DC}.Release|x64.ActiveCfg = Release|x64
		{7B60B891-F405-40C4-9FAF-8B50163F74DC}.Release|x64.Build.0 = Release|x64
		{7B60B891-F405-40C4-9FAF-8B50163F74DC}.Release|x86.ActiveCfg = Release|Win32
		{7B60B891-F405-40C4-9FAF-8B50163F74DC}.Release|x86.Build.0 = Release|Win32
		{C470C08A-3BD0-4222-B15F-ACBA93310AF0}.Debug|x64.ActiveCfg = Debug|x64
		{C470C08A-3BD0-4222-B15F-ACBA93310AF0}.Debug|x64.Build.0 = Debug|x64
		{C470C08A-3BD0-4222-B15F-ACBA93310AF0}.Debug|x86.ActiveCfg = Debug|Win32
		{C470C08A-3BD0-4222-B15F-ACBA93310AF0}.Debug|x86.Build.0 = Debug|Win32
		{C470C08A-3BD0-4222-B15F-ACBA93310AF0}.Release|x64.ActiveCfg = Release|x64
		{C470C08A-3BD0-4222-B15F-ACBA93310AF0}.Release|x64.Build.0 = Release|x64
		{C470C08A-3BD0-4222-B15F-ACBA93310AF0}.Release|x86.ActiveCfg = Release|Win32
		{C470C08A-3BD0-4222-B15F-ACBA93310AF0}.Release|x86.Build.0 = Release|Win32
		{7403AB36-505B-44B7-A0A4-D05AC0E9F9AC}.Debug|x64.ActiveCfg = Debug|x64
		{7403AB36-505B-44B7-A0A4-D05AC0E9F9AC}.Debug|x64.Build.0 = Debug|x64
		{7403AB36-505B-44B7-A0A4-D05AC0E9F9AC}.Debug|x86.ActiveCfg = Debug|Win32
		{7403AB36-505B-44B7-A0A4-D05AC0E9F9AC}.Debug|x86.Build.0 = Debug|Win32
		{7403AB36-505B-44B7-A0A4-D05AC0E9F9AC}.Release|x64.ActiveCfg = Release|x64
		{7403AB36-505B-44B7-A0A4-D05AC0E9F9AC}.Release|x64.Build.0 = Release|x64
		{7403AB36-505B-44B7-A0A4-D05AC0E9F9AC}.Release|x86.ActiveCfg = Release|Win32
		{7403AB36-505B-44B7-A0A4-D05AC0E9F9AC}.Release|x86.Build.0 = Release|Win32
		{4F591822-5516-47D5-8176-079695BED096}.Debug|x64.ActiveCfg = Debug|x64
		{4F591822-5516-47D5-8176-079695BED096}.Debug|x64.Build.0 = Debug|x64
		{4F591822-5516-47D5-8176-079695BED096}.Debug|x86.ActiveCfg = Debug|Win32
		{4F591822-5516-47D5-8176-079695BED096}.Debug|x86.Build.0 = Debug|Win32
		{4F591822-5516-47D5-8176-079695BED096}.Release|x64.ActiveCfg = Release|x64
		{4F591822-5516-47D5-8176-079695BED096}.Release|x64.Build.0 = Release|x64
		{4F591822-5516-47D5-8176-079695BED096}.Release|x86.ActiveCfg = Release|Win32
		{4F591822-5516-47D5-8176-079695BED096}.Release|x86.Build.0 = Release|Win32
		{5AD11023-1698-471C-893C-B23B851DB282}.Debug|x64.ActiveCfg = Debug|x64
		{5AD11023-1698-471C-893C-B23B851DB282}.Debug|x64.Build.0 = Debug|x64
		{5AD11023-1698-471C-893C-B23B851DB282}.Debug|x86.ActiveCfg = Debug|Win32
		{5AD11023-1698-471C-893C-B23B851DB282}.Debug|x86.Build.0 = Debug|Win32
		{5AD11023-1698-471C-893C-B23B851DB282}.Release|x64.ActiveCfg = Release|x64
		{5AD11023-1698-471C-893C-B23B851DB282}.Release|x64.Build.0 = Release|x64
		{5AD11023-1698-471C-893C-B23B851DB282}.Release|x86.ActiveCfg = Release|Win32
		{5AD11023-1698-471C-893C-B23B851DB282}.Release|x86.Build.0 = Release|Win32
		{4A9149AE-9723-48AF-8FC7-DDB268437D24}.Debug|x64.ActiveCfg = Debug|x64
		{4A9149AE-9723-48AF-8FC7-DDB268437D24}.Debug|x64.Build.0 = Debug|x64
		{4A9149AE-9723-48AF-8FC7-DDB268437D24}.Debug|x86.ActiveCfg = Debug|Win32
		{4A9149AE-9723-48AF-8FC7-DDB268437D24}.Debug|x86.Build.0 = Debug|Win32
		{4A9149AE-9723-48AF-8FC7-DDB268437D24}.Release|x64.ActiveCfg = Release|x64
		{4A9149AE-9723-48AF-8FC7-DDB268437D24}.Release|x64.Build.0 = Release|x64
		{4A9149AE-9723-48AF-8FC7-DDB268437D24}.Release|x86.ActiveCfg = Release|Win32
		{4A9149AE-9723-48AF-8FC7-DDB268437D24}.Release|x86.Build.0 = Release|Win32
	EndGlobalSection
	GlobalSection(SolutionProperties) = preSolution
		HideSolutionNode = FALSE
	EndGlobalSection
	GlobalSection(ExtensibilityGlobals) = postSolution
		SolutionGuid = {880CCECE-B289-4B66-B06A-7830D26F8D6A}
	EndGlobalSection
EndGlobal
